<?xml version="1.0" encoding="utf-8"?>
<Project ToolsVersion="4.0" xmlns="http://schemas.microsoft.com/developer/msbuild/2003">
  <ItemGroup>
    <Filter Include="Main">
      <UniqueIdentifier>{3df88747-ac79-43f6-9d2e-3d9aa3462408}</UniqueIdentifier>
    </Filter>
    <Filter Include="Utils">
      <UniqueIdentifier>{6df9ac64-52d6-47a2-a7f6-45d6453bae97}</UniqueIdentifier>
    </Filter>
    <Filter Include="Protocol">
      <UniqueIdentifier>{3f85de33-5c9b-4a7b-b82e-60b673f8251a}</UniqueIdentifier>
    </Filter>
    <Filter Include="GameContents">
      <UniqueIdentifier>{5540cfbb-b94f-436f-8c7b-22e4b75f28ba}</UniqueIdentifier>
    </Filter>
  </ItemGroup>
  <ItemGroup>
    <ClCompile Include="GameServer.cpp">
      <Filter>Main</Filter>
    </ClCompile>
    <ClCompile Include="ClientPacketHandler.cpp">
      <Filter>Main</Filter>
    </ClCompile>
    <ClCompile Include="GameProtocolUtil.cpp">
      <Filter>Main</Filter>
    </ClCompile>
    <ClCompile Include="GameSession.cpp">
      <Filter>Main</Filter>
    </ClCompile>
    <ClCompile Include="GameSessionManager.cpp">
      <Filter>Main</Filter>
    </ClCompile>
    <ClCompile Include="PlayerManager.cpp">
      <Filter>Main</Filter>
    </ClCompile>
    <ClCompile Include="ZoneManager.cpp">
      <Filter>Main</Filter>
    </ClCompile>
    <ClCompile Include="ObjectIdGenerator.cpp">
      <Filter>Main</Filter>
    </ClCompile>
    <ClCompile Include="Creature.cpp">
      <Filter>GameContents</Filter>
    </ClCompile>
    <ClCompile Include="CreatureStat.cpp">
      <Filter>GameContents</Filter>
    </ClCompile>
    <ClCompile Include="Player.cpp">
      <Filter>GameContents</Filter>
    </ClCompile>
    <ClCompile Include="Monster.cpp">
      <Filter>GameContents</Filter>
    </ClCompile>
    <ClCompile Include="CreatureManager.cpp">
      <Filter>GameContents</Filter>
    </ClCompile>
    <ClCompile Include="Zone.cpp">
      <Filter>GameContents</Filter>
    </ClCompile>
    <ClCompile Include="pch.cpp">
      <Filter>Utils</Filter>
    </ClCompile>
    <ClCompile Include="Enum.pb.cc">
      <Filter>Protocol</Filter>
    </ClCompile>
    <ClCompile Include="Protocol.pb.cc">
      <Filter>Protocol</Filter>
    </ClCompile>
    <ClCompile Include="Struct.pb.cc">
      <Filter>Protocol</Filter>
    </ClCompile>
  </ItemGroup>
  <ItemGroup>
    <ClInclude Include="ClientPacketHandler.h">
      <Filter>Main</Filter>
    </ClInclude>
    <ClInclude Include="GameProtocolUtil.h">
      <Filter>Main</Filter>
    </ClInclude>
    <ClInclude Include="GameSession.h">
      <Filter>Main</Filter>
    </ClInclude>
    <ClInclude Include="GameSessionManager.h">
      <Filter>Main</Filter>
    </ClInclude>
    <ClInclude Include="PlayerManager.h">
      <Filter>Main</Filter>
    </ClInclude>
    <ClInclude Include="ZoneManager.h">
      <Filter>Main</Filter>
    </ClInclude>
    <ClInclude Include="ObjectIdGenerator.h">
      <Filter>Main</Filter>
    </ClInclude>
    <ClInclude Include="Creature.h">
      <Filter>GameContents</Filter>
    </ClInclude>
    <ClInclude Include="CreatureStat.h">
      <Filter>GameContents</Filter>
    </ClInclude>
    <ClInclude Include="Player.h">
      <Filter>GameContents</Filter>
    </ClInclude>
    <ClInclude Include="Monster.h">
      <Filter>GameContents</Filter>
    </ClInclude>
    <ClInclude Include="CreatureManager.h">
      <Filter>GameContents</Filter>
    </ClInclude>
    <ClInclude Include="Zone.h">
      <Filter>GameContents</Filter>
    </ClInclude>
    <ClInclude Include="pch.h">
      <Filter>Utils</Filter>
    </ClInclude>
    <ClInclude Include="Enum.pb.h">
      <Filter>Protocol</Filter>
    </ClInclude>
    <ClInclude Include="Protocol.pb.h">
      <Filter>Protocol</Filter>
    </ClInclude>
    <ClInclude Include="Struct.pb.h">
      <Filter>Protocol</Filter>
    </ClInclude>
  </ItemGroup>
  <ItemGroup>
    <None Include="..\Common\Protobuf\bin\GenPackets.bat">
      <Filter>Protocol</Filter>
    </None>
    <None Include="..\Common\Protobuf\bin\Protocol.proto">
      <Filter>Protocol</Filter>
    </None>
    <None Include="..\Common\Protobuf\bin\Struct.proto">
      <Filter>Protocol</Filter>
    </None>
    <None Include="..\Common\Protobuf\bin\Enum.proto">
      <Filter>Protocol</Filter>
    </None>
  </ItemGroup>
</Project>
